
Microsoft Visual Studio Solution File, Format Version 12.00
# Visual Studio 15
Project("{FAE04EC0-301F-11D3-BF4B-00C04F79EFBC}") = "Unity.2D.Tilemap.Extras", "Unity.2D.Tilemap.Extras.csproj", "{2FB1F2E9-66F8-6829-C47D-999B5F8A1386}"
EndProject
Project("{FAE04EC0-301F-11D3-BF4B-00C04F79EFBC}") = "Assembly-CSharp", "Assembly-CSharp.csproj", "{15DCF4D4-C92D-D7D8-1EDE-9B62906D5B60}"
EndProject
Project("{FAE04EC0-301F-11D3-BF4B-00C04F79EFBC}") = "Unity.2D.Tilemap.Extras.Editor", "Unity.2D.Tilemap.Extras.Editor.csproj", "{8F528457-8749-B931-D191-D3691FF20992}"
EndProject
Project("{FAE04EC0-301F-11D3-BF4B-00C04F79EFBC}") = "Unity.2D.Tilemap.Extras.Placeholder.EditorTests", "Unity.2D.Tilemap.Extras.Placeholder.EditorTests.csproj", "{80D49E62-3E22-7C8F-C08C-A168C83D2F2F}"
EndProject
Global
	GlobalSection(SolutionConfigurationPlatforms) = preSolution
		Debug|Any CPU = Debug|Any CPU
		Release|Any CPU = Release|Any CPU
	EndGlobalSection
	GlobalSection(ProjectConfigurationPlatforms) = postSolution
		{2FB1F2E9-66F8-6829-C47D-999B5F8A1386}.Debug|Any CPU.ActiveCfg = Debug|Any CPU
		{2FB1F2E9-66F8-6829-C47D-999B5F8A1386}.Debug|Any CPU.Build.0 = Debug|Any CPU
		{2FB1F2E9-66F8-6829-C47D-999B5F8A1386}.Release|Any CPU.ActiveCfg = Release|Any CPU
		{2FB1F2E9-66F8-6829-C47D-999B5F8A1386}.Release|Any CPU.Build.0 = Release|Any CPU
		{15DCF4D4-C92D-D7D8-1EDE-9B62906D5B60}.Debug|Any CPU.ActiveCfg = Debug|Any CPU
		{15DCF4D4-C92D-D7D8-1EDE-9B62906D5B60}.Debug|Any CPU.Build.0 = Debug|Any CPU
		{15DCF4D4-C92D-D7D8-1EDE-9B62906D5B60}.Release|Any CPU.ActiveCfg = Release|Any CPU
		{15DCF4D4-C92D-D7D8-1EDE-9B62906D5B60}.Release|Any CPU.Build.0 = Release|Any CPU
		{8F528457-8749-B931-D191-D3691FF20992}.Debug|Any CPU.ActiveCfg = Debug|Any CPU
		{8F528457-8749-B931-D191-D3691FF20992}.Debug|Any CPU.Build.0 = Debug|Any CPU
		{8F528457-8749-B931-D191-D3691FF20992}.Release|Any CPU.ActiveCfg = Release|Any CPU
		{8F528457-8749-B931-D191-D3691FF20992}.Release|Any CPU.Build.0 = Release|Any CPU
		{80D49E62-3E22-7C8F-C08C-A168C83D2F2F}.Debug|Any CPU.ActiveCfg = Debug|Any CPU
		{80D49E62-3E22-7C8F-C08C-A168C83D2F2F}.Debug|Any CPU.Build.0 = Debug|Any CPU
		{80D49E62-3E22-7C8F-C08C-A168C83D2F2F}.Release|Any CPU.ActiveCfg = Release|Any CPU
		{80D49E62-3E22-7C8F-C08C-A168C83D2F2F}.Release|Any CPU.Build.0 = Release|Any CPU
	EndGlobalSection
	GlobalSection(SolutionProperties) = preSolution
		HideSolutionNode = FALSE
	EndGlobalSection
EndGlobal
